
Microsoft Visual Studio Solution File, Format Version 12.00
# Visual Studio Version 17
VisualStudioVersion = 17.7.34202.233
MinimumVisualStudioVersion = 10.0.40219.1
Project("{9A19103F-16F7-4668-BE54-9A1E7A4F7556}") = "pr01", "pr01\pr01.csproj", "{86B0DD75-C7D8-4AEB-AE87-AC56B75147B4}"
EndProject
Project("{9A19103F-16F7-4668-BE54-9A1E7A4F7556}") = "pr02", "pr02\pr02.csproj", "{18712380-935F-45BD-B2F6-08137F58BE64}"
EndProject
Project("{9A19103F-16F7-4668-BE54-9A1E7A4F7556}") = "pr03", "pr03\pr03.csproj", "{BF1DA396-CC23-4D85-8AC9-C91F20437334}"
EndProject
Project("{9A19103F-16F7-4668-BE54-9A1E7A4F7556}") = "pr04", "pr04\pr04.csproj", "{8D0E7123-AF1B-4E63-B032-A24E041F496F}"
EndProject
Project("{9A19103F-16F7-4668-BE54-9A1E7A4F7556}") = "pr05", "pr05\pr05.csproj", "{244903DF-A63B-48EA-9808-5A0BB19A7ECB}"
EndProject
Project("{FAE04EC0-301F-11D3-BF4B-00C04F79EFBC}") = "pr06", "pr06\pr06.csproj", "{589EBD97-1FA1-49A8-992F-73D39A32E8F5}"
EndProject
Project("{FAE04EC0-301F-11D3-BF4B-00C04F79EFBC}") = "pr07", "pr07\pr07.csproj", "{1B8FF6E5-3456-45B3-895D-4E97BC070BBB}"
EndProject
Project("{FAE04EC0-301F-11D3-BF4B-00C04F79EFBC}") = "pr08", "pr08\pr08.csproj", "{696761FF-6029-486A-8A35-8B350D6FD2B0}"
EndProject
Project("{FAE04EC0-301F-11D3-BF4B-00C04F79EFBC}") = "pr09", "pr09\pr09.csproj", "{87F2FFE6-8F27-4664-91AB-658100C45396}"
EndProject
Global
	GlobalSection(SolutionConfigurationPlatforms) = preSolution
		Debug|Any CPU = Debug|Any CPU
		Release|Any CPU = Release|Any CPU
	EndGlobalSection
	GlobalSection(ProjectConfigurationPlatforms) = postSolution
		{86B0DD75-C7D8-4AEB-AE87-AC56B75147B4}.Debug|Any CPU.ActiveCfg = Debug|Any CPU
		{86B0DD75-C7D8-4AEB-AE87-AC56B75147B4}.Debug|Any CPU.Build.0 = Debug|Any CPU
		{86B0DD75-C7D8-4AEB-AE87-AC56B75147B4}.Release|Any CPU.ActiveCfg = Release|Any CPU
		{86B0DD75-C7D8-4AEB-AE87-AC56B75147B4}.Release|Any CPU.Build.0 = Release|Any CPU
		{18712380-935F-45BD-B2F6-08137F58BE64}.Debug|Any CPU.ActiveCfg = Debug|Any CPU
		{18712380-935F-45BD-B2F6-08137F58BE64}.Debug|Any CPU.Build.0 = Debug|Any CPU
		{18712380-935F-45BD-B2F6-08137F58BE64}.Release|Any CPU.ActiveCfg = Release|Any CPU
		{18712380-935F-45BD-B2F6-08137F58BE64}.Release|Any CPU.Build.0 = Release|Any CPU
		{BF1DA396-CC23-4D85-8AC9-C91F20437334}.Debug|Any CPU.ActiveCfg = Debug|Any CPU
		{BF1DA396-CC23-4D85-8AC9-C91F20437334}.Debug|Any CPU.Build.0 = Debug|Any CPU
		{BF1DA396-CC23-4D85-8AC9-C91F20437334}.Release|Any CPU.ActiveCfg = Release|Any CPU
		{BF1DA396-CC23-4D85-8AC9-C91F20437334}.Release|Any CPU.Build.0 = Release|Any CPU
		{8D0E7123-AF1B-4E63-B032-A24E041F496F}.Debug|Any CPU.ActiveCfg = Debug|Any CPU
		{8D0E7123-AF1B-4E63-B032-A24E041F496F}.Debug|Any CPU.Build.0 = Debug|Any CPU
		{8D0E7123-AF1B-4E63-B032-A24E041F496F}.Release|Any CPU.ActiveCfg = Release|Any CPU
		{8D0E7123-AF1B-4E63-B032-A24E041F496F}.Release|Any CPU.Build.0 = Release|Any CPU
		{244903DF-A63B-48EA-9808-5A0BB19A7ECB}.Debug|Any CPU.ActiveCfg = Debug|Any CPU
		{244903DF-A63B-48EA-9808-5A0BB19A7ECB}.Debug|Any CPU.Build.0 = Debug|Any CPU
		{244903DF-A63B-48EA-9808-5A0BB19A7ECB}.Release|Any CPU.ActiveCfg = Release|Any CPU
		{244903DF-A63B-48EA-9808-5A0BB19A7ECB}.Release|Any CPU.Build.0 = Release|Any CPU
		{589EBD97-1FA1-49A8-992F-73D39A32E8F5}.Debug|Any CPU.ActiveCfg = Debug|Any CPU
		{589EBD97-1FA1-49A8-992F-73D39A32E8F5}.Debug|Any CPU.Build.0 = Debug|Any CPU
		{589EBD97-1FA1-49A8-992F-73D39A32E8F5}.Release|Any CPU.ActiveCfg = Release|Any CPU
		{589EBD97-1FA1-49A8-992F-73D39A32E8F5}.Release|Any CPU.Build.0 = Release|Any CPU
		{1B8FF6E5-3456-45B3-895D-4E97BC070BBB}.Debug|Any CPU.ActiveCfg = Debug|Any CPU
		{1B8FF6E5-3456-45B3-895D-4E97BC070BBB}.Debug|Any CPU.Build.0 = Debug|Any CPU
		{1B8FF6E5-3456-45B3-895D-4E97BC070BBB}.Release|Any CPU.ActiveCfg = Release|Any CPU
		{1B8FF6E5-3456-45B3-895D-4E97BC070BBB}.Release|Any CPU.Build.0 = Release|Any CPU
		{696761FF-6029-486A-8A35-8B350D6FD2B0}.Debug|Any CPU.ActiveCfg = Debug|Any CPU
		{696761FF-6029-486A-8A35-8B350D6FD2B0}.Debug|Any CPU.Build.0 = Debug|Any CPU
		{696761FF-6029-486A-8A35-8B350D6FD2B0}.Release|Any CPU.ActiveCfg = Release|Any CPU
		{696761FF-6029-486A-8A35-8B350D6FD2B0}.Release|Any CPU.Build.0 = Release|Any CPU
		{87F2FFE6-8F27-4664-91AB-658100C45396}.Debug|Any CPU.ActiveCfg = Debug|Any CPU
		{87F2FFE6-8F27-4664-91AB-658100C45396}.Debug|Any CPU.Build.0 = Debug|Any CPU
		{87F2FFE6-8F27-4664-91AB-658100C45396}.Release|Any CPU.ActiveCfg = Release|Any CPU
		{87F2FFE6-8F27-4664-91AB-658100C45396}.Release|Any CPU.Build.0 = Release|Any CPU
	EndGlobalSection
	GlobalSection(SolutionProperties) = preSolution
		HideSolutionNode = FALSE
	EndGlobalSection
	GlobalSection(ExtensibilityGlobals) = postSolution
		SolutionGuid = {ACEBD1D2-F5BE-41EA-8034-A81ACB7A3AF7}
	EndGlobalSection
EndGlobal
