
Microsoft Visual Studio Solution File, Format Version 12.00
# Visual Studio Version 17
VisualStudioVersion = 17.7.34202.233
MinimumVisualStudioVersion = 10.0.40219.1
Project("{9A19103F-16F7-4668-BE54-9A1E7A4F7556}") = "pr01", "pr01\pr01.csproj", "{86B0DD75-C7D8-4AEB-AE87-AC56B75147B4}"
EndProject
Project("{9A19103F-16F7-4668-BE54-9A1E7A4F7556}") = "pr02", "pr02\pr02.csproj", "{18712380-935F-45BD-B2F6-08137F58BE64}"
EndProject
Project("{9A19103F-16F7-4668-BE54-9A1E7A4F7556}") = "pr03", "pr03\pr03.csproj", "{BF1DA396-CC23-4D85-8AC9-C91F20437334}"
EndProject
Project("{9A19103F-16F7-4668-BE54-9A1E7A4F7556}") = "pr04", "pr04\pr04.csproj", "{8D0E7123-AF1B-4E63-B032-A24E041F496F}"
EndProject
Project("{9A19103F-16F7-4668-BE54-9A1E7A4F7556}") = "pr05", "pr05\pr05.csproj", "{244903DF-A63B-48EA-9808-5A0BB19A7ECB}"
EndProject
Project("{9A19103F-16F7-4668-BE54-9A1E7A4F7556}") = "pr06", "pr06\pr06.csproj", "{589EBD97-1FA1-49A8-992F-73D39A32E8F5}"
EndProject
Project("{9A19103F-16F7-4668-BE54-9A1E7A4F7556}") = "pr07", "pr07\pr07.csproj", "{1B8FF6E5-3456-45B3-895D-4E97BC070BBB}"
EndProject
Project("{9A19103F-16F7-4668-BE54-9A1E7A4F7556}") = "pr08", "pr08\pr08.csproj", "{696761FF-6029-486A-8A35-8B350D6FD2B0}"
EndProject
Project("{9A19103F-16F7-4668-BE54-9A1E7A4F7556}") = "pr09", "pr09\pr09.csproj", "{87F2FFE6-8F27-4664-91AB-658100C45396}"
EndProject
Project("{9A19103F-16F7-4668-BE54-9A1E7A4F7556}") = "pr10", "pr10\pr10.csproj", "{BABC8300-E382-4356-9D01-6E2EFDF9296E}"
EndProject
Project("{9A19103F-16F7-4668-BE54-9A1E7A4F7556}") = "pr11", "pr11\pr11.csproj", "{D4F32622-E0C9-4675-8AB6-2B37DA725F6A}"
EndProject
Project("{9A19103F-16F7-4668-BE54-9A1E7A4F7556}") = "pr12", "pr12\pr12.csproj", "{D9DCD7F5-10B3-49EC-AA72-3FDDA2818DAA}"
EndProject
Project("{9A19103F-16F7-4668-BE54-9A1E7A4F7556}") = "pr13", "pr13\pr13.csproj", "{4B71748F-C00A-46FF-85D0-DA12723068D0}"
EndProject
Project("{9A19103F-16F7-4668-BE54-9A1E7A4F7556}") = "pr14", "pr14\pr14.csproj", "{53EC7D12-6521-4D77-A72E-80D7433FC9AE}"
EndProject
Project("{9A19103F-16F7-4668-BE54-9A1E7A4F7556}") = "pr15", "pr15\pr15.csproj", "{58DEBB21-268E-4F88-BF55-0EEAD0BC5417}"
EndProject
Project("{9A19103F-16F7-4668-BE54-9A1E7A4F7556}") = "pr16", "pr16\pr16.csproj", "{1710DCDC-CD88-43DD-8565-84A2B95E81D6}"
EndProject
Project("{9A19103F-16F7-4668-BE54-9A1E7A4F7556}") = "pr17", "pr17\pr17.csproj", "{C6E597E3-90B2-4B58-8A96-0F189BD39582}"
EndProject
Project("{9A19103F-16F7-4668-BE54-9A1E7A4F7556}") = "pr18", "pr18\pr18.csproj", "{A581C2F3-E741-4861-A2ED-985CB3883A16}"
EndProject
Project("{9A19103F-16F7-4668-BE54-9A1E7A4F7556}") = "pr19", "pr19\pr19.csproj", "{3AB5F256-22F4-4B66-AAB8-0BEFD1FF7E94}"
EndProject
Project("{9A19103F-16F7-4668-BE54-9A1E7A4F7556}") = "pr20", "pr20\pr20.csproj", "{751E3674-A599-49C2-B98A-5AC225358F19}"
EndProject
Project("{FAE04EC0-301F-11D3-BF4B-00C04F79EFBC}") = "pr21", "pr21\pr21.csproj", "{3622AD69-2AB2-4E4C-AF9C-65ED8A073574}"
EndProject
Project("{FAE04EC0-301F-11D3-BF4B-00C04F79EFBC}") = "pr22", "pr22\pr22.csproj", "{C78C0259-FC1F-4372-9152-F5C5A5C90ABA}"
EndProject
Global
	GlobalSection(SolutionConfigurationPlatforms) = preSolution
		Debug|Any CPU = Debug|Any CPU
		Release|Any CPU = Release|Any CPU
	EndGlobalSection
	GlobalSection(ProjectConfigurationPlatforms) = postSolution
		{86B0DD75-C7D8-4AEB-AE87-AC56B75147B4}.Debug|Any CPU.ActiveCfg = Debug|Any CPU
		{86B0DD75-C7D8-4AEB-AE87-AC56B75147B4}.Debug|Any CPU.Build.0 = Debug|Any CPU
		{86B0DD75-C7D8-4AEB-AE87-AC56B75147B4}.Release|Any CPU.ActiveCfg = Release|Any CPU
		{86B0DD75-C7D8-4AEB-AE87-AC56B75147B4}.Release|Any CPU.Build.0 = Release|Any CPU
		{18712380-935F-45BD-B2F6-08137F58BE64}.Debug|Any CPU.ActiveCfg = Debug|Any CPU
		{18712380-935F-45BD-B2F6-08137F58BE64}.Debug|Any CPU.Build.0 = Debug|Any CPU
		{18712380-935F-45BD-B2F6-08137F58BE64}.Release|Any CPU.ActiveCfg = Release|Any CPU
		{18712380-935F-45BD-B2F6-08137F58BE64}.Release|Any CPU.Build.0 = Release|Any CPU
		{BF1DA396-CC23-4D85-8AC9-C91F20437334}.Debug|Any CPU.ActiveCfg = Debug|Any CPU
		{BF1DA396-CC23-4D85-8AC9-C91F20437334}.Debug|Any CPU.Build.0 = Debug|Any CPU
		{BF1DA396-CC23-4D85-8AC9-C91F20437334}.Release|Any CPU.ActiveCfg = Release|Any CPU
		{BF1DA396-CC23-4D85-8AC9-C91F20437334}.Release|Any CPU.Build.0 = Release|Any CPU
		{8D0E7123-AF1B-4E63-B032-A24E041F496F}.Debug|Any CPU.ActiveCfg = Debug|Any CPU
		{8D0E7123-AF1B-4E63-B032-A24E041F496F}.Debug|Any CPU.Build.0 = Debug|Any CPU
		{8D0E7123-AF1B-4E63-B032-A24E041F496F}.Release|Any CPU.ActiveCfg = Release|Any CPU
		{8D0E7123-AF1B-4E63-B032-A24E041F496F}.Release|Any CPU.Build.0 = Release|Any CPU
		{244903DF-A63B-48EA-9808-5A0BB19A7ECB}.Debug|Any CPU.ActiveCfg = Debug|Any CPU
		{244903DF-A63B-48EA-9808-5A0BB19A7ECB}.Debug|Any CPU.Build.0 = Debug|Any CPU
		{244903DF-A63B-48EA-9808-5A0BB19A7ECB}.Release|Any CPU.ActiveCfg = Release|Any CPU
		{244903DF-A63B-48EA-9808-5A0BB19A7ECB}.Release|Any CPU.Build.0 = Release|Any CPU
		{589EBD97-1FA1-49A8-992F-73D39A32E8F5}.Debug|Any CPU.ActiveCfg = Debug|Any CPU
		{589EBD97-1FA1-49A8-992F-73D39A32E8F5}.Debug|Any CPU.Build.0 = Debug|Any CPU
		{589EBD97-1FA1-49A8-992F-73D39A32E8F5}.Release|Any CPU.ActiveCfg = Release|Any CPU
		{589EBD97-1FA1-49A8-992F-73D39A32E8F5}.Release|Any CPU.Build.0 = Release|Any CPU
		{1B8FF6E5-3456-45B3-895D-4E97BC070BBB}.Debug|Any CPU.ActiveCfg = Debug|Any CPU
		{1B8FF6E5-3456-45B3-895D-4E97BC070BBB}.Debug|Any CPU.Build.0 = Debug|Any CPU
		{1B8FF6E5-3456-45B3-895D-4E97BC070BBB}.Release|Any CPU.ActiveCfg = Release|Any CPU
		{1B8FF6E5-3456-45B3-895D-4E97BC070BBB}.Release|Any CPU.Build.0 = Release|Any CPU
		{696761FF-6029-486A-8A35-8B350D6FD2B0}.Debug|Any CPU.ActiveCfg = Debug|Any CPU
		{696761FF-6029-486A-8A35-8B350D6FD2B0}.Debug|Any CPU.Build.0 = Debug|Any CPU
		{696761FF-6029-486A-8A35-8B350D6FD2B0}.Release|Any CPU.ActiveCfg = Release|Any CPU
		{696761FF-6029-486A-8A35-8B350D6FD2B0}.Release|Any CPU.Build.0 = Release|Any CPU
		{87F2FFE6-8F27-4664-91AB-658100C45396}.Debug|Any CPU.ActiveCfg = Debug|Any CPU
		{87F2FFE6-8F27-4664-91AB-658100C45396}.Debug|Any CPU.Build.0 = Debug|Any CPU
		{87F2FFE6-8F27-4664-91AB-658100C45396}.Release|Any CPU.ActiveCfg = Release|Any CPU
		{87F2FFE6-8F27-4664-91AB-658100C45396}.Release|Any CPU.Build.0 = Release|Any CPU
		{BABC8300-E382-4356-9D01-6E2EFDF9296E}.Debug|Any CPU.ActiveCfg = Debug|Any CPU
		{BABC8300-E382-4356-9D01-6E2EFDF9296E}.Debug|Any CPU.Build.0 = Debug|Any CPU
		{BABC8300-E382-4356-9D01-6E2EFDF9296E}.Release|Any CPU.ActiveCfg = Release|Any CPU
		{BABC8300-E382-4356-9D01-6E2EFDF9296E}.Release|Any CPU.Build.0 = Release|Any CPU
		{D4F32622-E0C9-4675-8AB6-2B37DA725F6A}.Debug|Any CPU.ActiveCfg = Debug|Any CPU
		{D4F32622-E0C9-4675-8AB6-2B37DA725F6A}.Debug|Any CPU.Build.0 = Debug|Any CPU
		{D4F32622-E0C9-4675-8AB6-2B37DA725F6A}.Release|Any CPU.ActiveCfg = Release|Any CPU
		{D4F32622-E0C9-4675-8AB6-2B37DA725F6A}.Release|Any CPU.Build.0 = Release|Any CPU
		{D9DCD7F5-10B3-49EC-AA72-3FDDA2818DAA}.Debug|Any CPU.ActiveCfg = Debug|Any CPU
		{D9DCD7F5-10B3-49EC-AA72-3FDDA2818DAA}.Debug|Any CPU.Build.0 = Debug|Any CPU
		{D9DCD7F5-10B3-49EC-AA72-3FDDA2818DAA}.Release|Any CPU.ActiveCfg = Release|Any CPU
		{D9DCD7F5-10B3-49EC-AA72-3FDDA2818DAA}.Release|Any CPU.Build.0 = Release|Any CPU
		{4B71748F-C00A-46FF-85D0-DA12723068D0}.Debug|Any CPU.ActiveCfg = Debug|Any CPU
		{4B71748F-C00A-46FF-85D0-DA12723068D0}.Debug|Any CPU.Build.0 = Debug|Any CPU
		{4B71748F-C00A-46FF-85D0-DA12723068D0}.Release|Any CPU.ActiveCfg = Release|Any CPU
		{4B71748F-C00A-46FF-85D0-DA12723068D0}.Release|Any CPU.Build.0 = Release|Any CPU
		{53EC7D12-6521-4D77-A72E-80D7433FC9AE}.Debug|Any CPU.ActiveCfg = Debug|Any CPU
		{53EC7D12-6521-4D77-A72E-80D7433FC9AE}.Debug|Any CPU.Build.0 = Debug|Any CPU
		{53EC7D12-6521-4D77-A72E-80D7433FC9AE}.Release|Any CPU.ActiveCfg = Release|Any CPU
		{53EC7D12-6521-4D77-A72E-80D7433FC9AE}.Release|Any CPU.Build.0 = Release|Any CPU
		{58DEBB21-268E-4F88-BF55-0EEAD0BC5417}.Debug|Any CPU.ActiveCfg = Debug|Any CPU
		{58DEBB21-268E-4F88-BF55-0EEAD0BC5417}.Debug|Any CPU.Build.0 = Debug|Any CPU
		{58DEBB21-268E-4F88-BF55-0EEAD0BC5417}.Release|Any CPU.ActiveCfg = Release|Any CPU
		{58DEBB21-268E-4F88-BF55-0EEAD0BC5417}.Release|Any CPU.Build.0 = Release|Any CPU
		{1710DCDC-CD88-43DD-8565-84A2B95E81D6}.Debug|Any CPU.ActiveCfg = Debug|Any CPU
		{1710DCDC-CD88-43DD-8565-84A2B95E81D6}.Debug|Any CPU.Build.0 = Debug|Any CPU
		{1710DCDC-CD88-43DD-8565-84A2B95E81D6}.Release|Any CPU.ActiveCfg = Release|Any CPU
		{1710DCDC-CD88-43DD-8565-84A2B95E81D6}.Release|Any CPU.Build.0 = Release|Any CPU
		{C6E597E3-90B2-4B58-8A96-0F189BD39582}.Debug|Any CPU.ActiveCfg = Debug|Any CPU
		{C6E597E3-90B2-4B58-8A96-0F189BD39582}.Debug|Any CPU.Build.0 = Debug|Any CPU
		{C6E597E3-90B2-4B58-8A96-0F189BD39582}.Release|Any CPU.ActiveCfg = Release|Any CPU
		{C6E597E3-90B2-4B58-8A96-0F189BD39582}.Release|Any CPU.Build.0 = Release|Any CPU
		{A581C2F3-E741-4861-A2ED-985CB3883A16}.Debug|Any CPU.ActiveCfg = Debug|Any CPU
		{A581C2F3-E741-4861-A2ED-985CB3883A16}.Debug|Any CPU.Build.0 = Debug|Any CPU
		{A581C2F3-E741-4861-A2ED-985CB3883A16}.Release|Any CPU.ActiveCfg = Release|Any CPU
		{A581C2F3-E741-4861-A2ED-985CB3883A16}.Release|Any CPU.Build.0 = Release|Any CPU
		{3AB5F256-22F4-4B66-AAB8-0BEFD1FF7E94}.Debug|Any CPU.ActiveCfg = Debug|Any CPU
		{3AB5F256-22F4-4B66-AAB8-0BEFD1FF7E94}.Debug|Any CPU.Build.0 = Debug|Any CPU
		{3AB5F256-22F4-4B66-AAB8-0BEFD1FF7E94}.Release|Any CPU.ActiveCfg = Release|Any CPU
		{3AB5F256-22F4-4B66-AAB8-0BEFD1FF7E94}.Release|Any CPU.Build.0 = Release|Any CPU
		{751E3674-A599-49C2-B98A-5AC225358F19}.Debug|Any CPU.ActiveCfg = Debug|Any CPU
		{751E3674-A599-49C2-B98A-5AC225358F19}.Debug|Any CPU.Build.0 = Debug|Any CPU
		{751E3674-A599-49C2-B98A-5AC225358F19}.Release|Any CPU.ActiveCfg = Release|Any CPU
		{751E3674-A599-49C2-B98A-5AC225358F19}.Release|Any CPU.Build.0 = Release|Any CPU
		{3622AD69-2AB2-4E4C-AF9C-65ED8A073574}.Debug|Any CPU.ActiveCfg = Debug|Any CPU
		{3622AD69-2AB2-4E4C-AF9C-65ED8A073574}.Debug|Any CPU.Build.0 = Debug|Any CPU
		{3622AD69-2AB2-4E4C-AF9C-65ED8A073574}.Release|Any CPU.ActiveCfg = Release|Any CPU
		{3622AD69-2AB2-4E4C-AF9C-65ED8A073574}.Release|Any CPU.Build.0 = Release|Any CPU
		{C78C0259-FC1F-4372-9152-F5C5A5C90ABA}.Debug|Any CPU.ActiveCfg = Debug|Any CPU
		{C78C0259-FC1F-4372-9152-F5C5A5C90ABA}.Debug|Any CPU.Build.0 = Debug|Any CPU
		{C78C0259-FC1F-4372-9152-F5C5A5C90ABA}.Release|Any CPU.ActiveCfg = Release|Any CPU
		{C78C0259-FC1F-4372-9152-F5C5A5C90ABA}.Release|Any CPU.Build.0 = Release|Any CPU
	EndGlobalSection
	GlobalSection(SolutionProperties) = preSolution
		HideSolutionNode = FALSE
	EndGlobalSection
	GlobalSection(ExtensibilityGlobals) = postSolution
		SolutionGuid = {ACEBD1D2-F5BE-41EA-8034-A81ACB7A3AF7}
	EndGlobalSection
EndGlobal
